// !$*UTF8*$!
{
	archiveVersion = 1;
	classes = {
	};
	objectVersion = 77;
	objects = {

/* Begin PBXContainerItemProxy section */
		15121D442E42EB1E00605151 /* PBXContainerItemProxy */ = {
			isa = PBXContainerItemProxy;
			containerPortal = 15121D2E2E42EB1C00605151 /* Project object */;
			proxyType = 1;
			remoteGlobalIDString = 15121D352E42EB1C00605151;
			remoteInfo = LemonRestaurantC2;
		};
		15121D4E2E42EB1E00605151 /* PBXContainerItemProxy */ = {
			isa = PBXContainerItemProxy;
			containerPortal = 15121D2E2E42EB1C00605151 /* Project object */;
			proxyType = 1;
			remoteGlobalIDString = 15121D352E42EB1C00605151;
			remoteInfo = LemonRestaurantC2;
		};
/* End PBXContainerItemProxy section */

/* Begin PBXFileReference section */
		15121D362E42EB1C00605151 /* LemonRestaurantC2.app */ = {isa = PBXFileReference; explicitFileType = wrapper.application; includeInIndex = 0; path = LemonRestaurantC2.app; sourceTree = BUILT_PRODUCTS_DIR; };
		15121D432E42EB1E00605151 /* LemonRestaurantC2Tests.xctest */ = {isa = PBXFileReference; explicitFileType = wrapper.cfbundle; includeInIndex = 0; path = LemonRestaurantC2Tests.xctest; sourceTree = BUILT_PRODUCTS_DIR; };
		15121D4D2E42EB1E00605151 /* LemonRestaurantC2UITests.xctest */ = {isa = PBXFileReference; explicitFileType = wrapper.cfbundle; includeInIndex = 0; path = LemonRestaurantC2UITests.xctest; sourceTree = BUILT_PRODUCTS_DIR; };
/* End PBXFileReference section */

/* Begin PBXFileSystemSynchronizedRootGroup section */
		15121D382E42EB1C00605151 /* LemonRestaurantC2 */ = {
			isa = PBXFileSystemSynchronizedRootGroup;
			path = LemonRestaurantC2;
			sourceTree = "<group>";
		};
		15121D462E42EB1E00605151 /* LemonRestaurantC2Tests */ = {
			isa = PBXFileSystemSynchronizedRootGroup;
			path = LemonRestaurantC2Tests;
			sourceTree = "<group>";
		};
		15121D502E42EB1E00605151 /* LemonRestaurantC2UITests */ = {
			isa = PBXFileSystemSynchronizedRootGroup;
			path = LemonRestaurantC2UITests;
			sourceTree = "<group>";
		};
		1546F0532E4581DB00E4FC11 /* Practice */ = {
			isa = PBXFileSystemSynchronizedRootGroup;
			path = Practice;
			sourceTree = "<group>";
		};
/* End PBXFileSystemSynchronizedRootGroup section */

/* Begin PBXFrameworksBuildPhase section */
		15121D332E42EB1C00605151 /* Frameworks */ = {
			isa = PBXFrameworksBuildPhase;
			buildActionMask = 2147483647;
			files = (
			);
			runOnlyForDeploymentPostprocessing = 0;
		};
		15121D402E42EB1E00605151 /* Frameworks */ = {
			isa = PBXFrameworksBuildPhase;
			buildActionMask = 2147483647;
			files = (
			);
			runOnlyForDeploymentPostprocessing = 0;
		};
		15121D4A2E42EB1E00605151 /* Frameworks */ = {
			isa = PBXFrameworksBuildPhase;
			buildActionMask = 2147483647;
			files = (
			);
			runOnlyForDeploymentPostprocessing = 0;
		};
/* End PBXFrameworksBuildPhase section */

/* Begin PBXGroup section */
		15121D2D2E42EB1C00605151 = {
			isa = PBXGroup;
			children = (
				1546F0532E4581DB00E4FC11 /* Practice */,
				15121D382E42EB1C00605151 /* LemonRestaurantC2 */,
				15121D462E42EB1E00605151 /* LemonRestaurantC2Tests */,
				15121D502E42EB1E00605151 /* LemonRestaurantC2UITests */,
				15121D372E42EB1C00605151 /* Products */,
			);
			sourceTree = "<group>";
		};
		15121D372E42EB1C00605151 /* Products */ = {
			isa = PBXGroup;
			children = (
				15121D362E42EB1C00605151 /* LemonRestaurantC2.app */,
				15121D432E42EB1E00605151 /* LemonRestaurantC2Tests.xctest */,
				15121D4D2E42EB1E00605151 /* LemonRestaurantC2UITests.xctest */,
			);
			name = Products;
			sourceTree = "<group>";
		};
/* End PBXGroup section */

/* Begin PBXNativeTarget section */
		15121D352E42EB1C00605151 /* LemonRestaurantC2 */ = {
			isa = PBXNativeTarget;
			buildConfigurationList = 15121D572E42EB1E00605151 /* Build configuration list for PBXNativeTarget "LemonRestaurantC2" */;
			buildPhases = (
				15121D322E42EB1C00605151 /* Sources */,
				15121D332E42EB1C00605151 /* Frameworks */,
				15121D342E42EB1C00605151 /* Resources */,
			);
			buildRules = (
			);
			dependencies = (
			);
			fileSystemSynchronizedGroups = (
				15121D382E42EB1C00605151 /* LemonRestaurantC2 */,
				1546F0532E4581DB00E4FC11 /* Practice */,
			);
			name = LemonRestaurantC2;
			packageProductDependencies = (
			);
			productName = LemonRestaurantC2;
			productReference = 15121D362E42EB1C00605151 /* LemonRestaurantC2.app */;
			productType = "com.apple.product-type.application";
		};
		15121D422E42EB1E00605151 /* LemonRestaurantC2Tests */ = {
			isa = PBXNativeTarget;
			buildConfigurationList = 15121D5A2E42EB1E00605151 /* Build configuration list for PBXNativeTarget "LemonRestaurantC2Tests" */;
			buildPhases = (
				15121D3F2E42EB1E00605151 /* Sources */,
				15121D402E42EB1E00605151 /* Frameworks */,
				15121D412E42EB1E00605151 /* Resources */,
			);
			buildRules = (
			);
			dependencies = (
				15121D452E42EB1E00605151 /* PBXTargetDependency */,
			);
			fileSystemSynchronizedGroups = (
				15121D462E42EB1E00605151 /* LemonRestaurantC2Tests */,
			);
			name = LemonRestaurantC2Tests;
			packageProductDependencies = (
			);
			productName = LemonRestaurantC2Tests;
			productReference = 15121D432E42EB1E00605151 /* LemonRestaurantC2Tests.xctest */;
			productType = "com.apple.product-type.bundle.unit-test";
		};
		15121D4C2E42EB1E00605151 /* LemonRestaurantC2UITests */ = {
			isa = PBXNativeTarget;
			buildConfigurationList = 15121D5D2E42EB1E00605151 /* Build configuration list for PBXNativeTarget "LemonRestaurantC2UITests" */;
			buildPhases = (
				15121D492E42EB1E00605151 /* Sources */,
				15121D4A2E42EB1E00605151 /* Frameworks */,
				15121D4B2E42EB1E00605151 /* Resources */,
			);
			buildRules = (
			);
			dependencies = (
				15121D4F2E42EB1E00605151 /* PBXTargetDependency */,
			);
			fileSystemSynchronizedGroups = (
				15121D502E42EB1E00605151 /* LemonRestaurantC2UITests */,
			);
			name = LemonRestaurantC2UITests;
			packageProductDependencies = (
			);
			productName = LemonRestaurantC2UITests;
			productReference = 15121D4D2E42EB1E00605151 /* LemonRestaurantC2UITests.xctest */;
			productType = "com.apple.product-type.bundle.ui-testing";
		};
/* End PBXNativeTarget section */

/* Begin PBXProject section */
		15121D2E2E42EB1C00605151 /* Project object */ = {
			isa = PBXProject;
			attributes = {
				BuildIndependentTargetsInParallel = 1;
				LastSwiftUpdateCheck = 1640;
				LastUpgradeCheck = 1640;
				TargetAttributes = {
					15121D352E42EB1C00605151 = {
						CreatedOnToolsVersion = 16.4;
					};
					15121D422E42EB1E00605151 = {
						CreatedOnToolsVersion = 16.4;
						TestTargetID = 15121D352E42EB1C00605151;
					};
					15121D4C2E42EB1E00605151 = {
						CreatedOnToolsVersion = 16.4;
						TestTargetID = 15121D352E42EB1C00605151;
					};
				};
			};
			buildConfigurationList = 15121D312E42EB1C00605151 /* Build configuration list for PBXProject "LemonRestaurantC2" */;
			developmentRegion = en;
			hasScannedForEncodings = 0;
			knownRegions = (
				en,
				Base,
			);
			mainGroup = 15121D2D2E42EB1C00605151;
			minimizedProjectReferenceProxies = 1;
			preferredProjectObjectVersion = 77;
			productRefGroup = 15121D372E42EB1C00605151 /* Products */;
			projectDirPath = "";
			projectRoot = "";
			targets = (
				15121D352E42EB1C00605151 /* LemonRestaurantC2 */,
				15121D422E42EB1E00605151 /* LemonRestaurantC2Tests */,
				15121D4C2E42EB1E00605151 /* LemonRestaurantC2UITests */,
			);
		};
/* End PBXProject section */

/* Begin PBXResourcesBuildPhase section */
		15121D342E42EB1C00605151 /* Resources */ = {
			isa = PBXResourcesBuildPhase;
			buildActionMask = 2147483647;
			files = (
			);
			runOnlyForDeploymentPostprocessing = 0;
		};
		15121D412E42EB1E00605151 /* Resources */ = {
			isa = PBXResourcesBuildPhase;
			buildActionMask = 2147483647;
			files = (
			);
			runOnlyForDeploymentPostprocessing = 0;
		};
		15121D4B2E42EB1E00605151 /* Resources */ = {
			isa = PBXResourcesBuildPhase;
			buildActionMask = 2147483647;
			files = (
			);
			runOnlyForDeploymentPostprocessing = 0;
		};
/* End PBXResourcesBuildPhase section */

/* Begin PBXSourcesBuildPhase section */
		15121D322E42EB1C00605151 /* Sources */ = {
			isa = PBXSourcesBuildPhase;
			buildActionMask = 2147483647;
			files = (
			);
			runOnlyForDeploymentPostprocessing = 0;
		};
		15121D3F2E42EB1E00605151 /* Sources */ = {
			isa = PBXSourcesBuildPhase;
			buildActionMask = 2147483647;
			files = (
			);
			runOnlyForDeploymentPostprocessing = 0;
		};
		15121D492E42EB1E00605151 /* Sources */ = {
			isa = PBXSourcesBuildPhase;
			buildActionMask = 2147483647;
			files = (
			);
			runOnlyForDeploymentPostprocessing = 0;
		};
/* End PBXSourcesBuildPhase section */

/* Begin PBXTargetDependency section */
		15121D452E42EB1E00605151 /* PBXTargetDependency */ = {
			isa = PBXTargetDependency;
			target = 15121D352E42EB1C00605151 /* LemonRestaurantC2 */;
			targetProxy = 15121D442E42EB1E00605151 /* PBXContainerItemProxy */;
		};
		15121D4F2E42EB1E00605151 /* PBXTargetDependency */ = {
			isa = PBXTargetDependency;
			target = 15121D352E42EB1C00605151 /* LemonRestaurantC2 */;
			targetProxy = 15121D4E2E42EB1E00605151 /* PBXContainerItemProxy */;
		};
/* End PBXTargetDependency section */

/* Begin XCBuildConfiguration section */
		15121D552E42EB1E00605151 /* Debug */ = {
			isa = XCBuildConfiguration;
			buildSettings = {
				ALWAYS_SEARCH_USER_PATHS = NO;
				ASSETCATALOG_COMPILER_GENERATE_SWIFT_ASSET_SYMBOL_EXTENSIONS = YES;
				CLANG_ANALYZER_NONNULL = YES;
				CLANG_ANALYZER_NUMBER_OBJECT_CONVERSION = YES_AGGRESSIVE;
				CLANG_CXX_LANGUAGE_STANDARD = "gnu++20";
				CLANG_ENABLE_MODULES = YES;
				CLANG_ENABLE_OBJC_ARC = YES;
				CLANG_ENABLE_OBJC_WEAK = YES;
				CLANG_WARN_BLOCK_CAPTURE_AUTORELEASING = YES;
				CLANG_WARN_BOOL_CONVERSION = YES;
				CLANG_WARN_COMMA = YES;
				CLANG_WARN_CONSTANT_CONVERSION = YES;
				CLANG_WARN_DEPRECATED_OBJC_IMPLEMENTATIONS = YES;
				CLANG_WARN_DIRECT_OBJC_ISA_USAGE = YES_ERROR;
				CLANG_WARN_DOCUMENTATION_COMMENTS = YES;
				CLANG_WARN_EMPTY_BODY = YES;
				CLANG_WARN_ENUM_CONVERSION = YES;
				CLANG_WARN_INFINITE_RECURSION = YES;
				CLANG_WARN_INT_CONVERSION = YES;
				CLANG_WARN_NON_LITERAL_NULL_CONVERSION = YES;
				CLANG_WARN_OBJC_IMPLICIT_RETAIN_SELF = YES;
				CLANG_WARN_OBJC_LITERAL_CONVERSION = YES;
				CLANG_WARN_OBJC_ROOT_CLASS = YES_ERROR;
				CLANG_WARN_QUOTED_INCLUDE_IN_FRAMEWORK_HEADER = YES;
				CLANG_WARN_RANGE_LOOP_ANALYSIS = YES;
				CLANG_WARN_STRICT_PROTOTYPES = YES;
				CLANG_WARN_SUSPICIOUS_MOVE = YES;
				CLANG_WARN_UNGUARDED_AVAILABILITY = YES_AGGRESSIVE;
				CLANG_WARN_UNREACHABLE_CODE = YES;
				CLANG_WARN__DUPLICATE_METHOD_MATCH = YES;
				COPY_PHASE_STRIP = NO;
				DEBUG_INFORMATION_FORMAT = dwarf;
				ENABLE_STRICT_OBJC_MSGSEND = YES;
				ENABLE_TESTABILITY = YES;
				ENABLE_USER_SCRIPT_SANDBOXING = YES;
				GCC_C_LANGUAGE_STANDARD = gnu17;
				GCC_DYNAMIC_NO_PIC = NO;
				GCC_NO_COMMON_BLOCKS = YES;
				GCC_OPTIMIZATION_LEVEL = 0;
				GCC_PREPROCESSOR_DEFINITIONS = (
					"DEBUG=1",
					"$(inherited)",
				);
				GCC_WARN_64_TO_32_BIT_CONVERSION = YES;
				GCC_WARN_ABOUT_RETURN_TYPE = YES_ERROR;
				GCC_WARN_UNDECLARED_SELECTOR = YES;
				GCC_WARN_UNINITIALIZED_AUTOS = YES_AGGRESSIVE;
				GCC_WARN_UNUSED_FUNCTION = YES;
				GCC_WARN_UNUSED_VARIABLE = YES;
				IPHONEOS_DEPLOYMENT_TARGET = 18.5;
				LOCALIZATION_PREFERS_STRING_CATALOGS = YES;
				MTL_ENABLE_DEBUG_INFO = INCLUDE_SOURCE;
				MTL_FAST_MATH = YES;
				ONLY_ACTIVE_ARCH = YES;
				SDKROOT = iphoneos;
				SWIFT_ACTIVE_COMPILATION_CONDITIONS = "DEBUG $(inherited)";
				SWIFT_OPTIMIZATION_LEVEL = "-Onone";
			};
			name = Debug;
		};
		15121D562E42EB1E00605151 /* Release */ = {
			isa = XCBuildConfiguration;
			buildSettings = {
				ALWAYS_SEARCH_USER_PATHS = NO;
				ASSETCATALOG_COMPILER_GENERATE_SWIFT_ASSET_SYMBOL_EXTENSIONS = YES;
				CLANG_ANALYZER_NONNULL = YES;
				CLANG_ANALYZER_NUMBER_OBJECT_CONVERSION = YES_AGGRESSIVE;
				CLANG_CXX_LANGUAGE_STANDARD = "gnu++20";
				CLANG_ENABLE_MODULES = YES;
				CLANG_ENABLE_OBJC_ARC = YES;
				CLANG_ENABLE_OBJC_WEAK = YES;
				CLANG_WARN_BLOCK_CAPTURE_AUTORELEASING = YES;
				CLANG_WARN_BOOL_CONVERSION = YES;
				CLANG_WARN_COMMA = YES;
				CLANG_WARN_CONSTANT_CONVERSION = YES;
				CLANG_WARN_DEPRECATED_OBJC_IMPLEMENTATIONS = YES;
				CLANG_WARN_DIRECT_OBJC_ISA_USAGE = YES_ERROR;
				CLANG_WARN_DOCUMENTATION_COMMENTS = YES;
				CLANG_WARN_EMPTY_BODY = YES;
				CLANG_WARN_ENUM_CONVERSION = YES;
				CLANG_WARN_INFINITE_RECURSION = YES;
				CLANG_WARN_INT_CONVERSION = YES;
				CLANG_WARN_NON_LITERAL_NULL_CONVERSION = YES;
				CLANG_WARN_OBJC_IMPLICIT_RETAIN_SELF = YES;
				CLANG_WARN_OBJC_LITERAL_CONVERSION = YES;
				CLANG_WARN_OBJC_ROOT_CLASS = YES_ERROR;
				CLANG_WARN_QUOTED_INCLUDE_IN_FRAMEWORK_HEADER = YES;
				CLANG_WARN_RANGE_LOOP_ANALYSIS = YES;
				CLANG_WARN_STRICT_PROTOTYPES = YES;
				CLANG_WARN_SUSPICIOUS_MOVE = YES;
				CLANG_WARN_UNGUARDED_AVAILABILITY = YES_AGGRESSIVE;
				CLANG_WARN_UNREACHABLE_CODE = YES;
				CLANG_WARN__DUPLICATE_METHOD_MATCH = YES;
				COPY_PHASE_STRIP = NO;
				DEBUG_INFORMATION_FORMAT = "dwarf-with-dsym";
				ENABLE_NS_ASSERTIONS = NO;
				ENABLE_STRICT_OBJC_MSGSEND = YES;
				ENABLE_USER_SCRIPT_SANDBOXING = YES;
				GCC_C_LANGUAGE_STANDARD = gnu17;
				GCC_NO_COMMON_BLOCKS = YES;
				GCC_WARN_64_TO_32_BIT_CONVERSION = YES;
				GCC_WARN_ABOUT_RETURN_TYPE = YES_ERROR;
				GCC_WARN_UNDECLARED_SELECTOR = YES;
				GCC_WARN_UNINITIALIZED_AUTOS = YES_AGGRESSIVE;
				GCC_WARN_UNUSED_FUNCTION = YES;
				GCC_WARN_UNUSED_VARIABLE = YES;
				IPHONEOS_DEPLOYMENT_TARGET = 18.5;
				LOCALIZATION_PREFERS_STRING_CATALOGS = YES;
				MTL_ENABLE_DEBUG_INFO = NO;
				MTL_FAST_MATH = YES;
				SDKROOT = iphoneos;
				SWIFT_COMPILATION_MODE = wholemodule;
				VALIDATE_PRODUCT = YES;
			};
			name = Release;
		};
		15121D582E42EB1E00605151 /* Debug */ = {
			isa = XCBuildConfiguration;
			buildSettings = {
				ASSETCATALOG_COMPILER_APPICON_NAME = AppIcon;
				ASSETCATALOG_COMPILER_GLOBAL_ACCENT_COLOR_NAME = AccentColor;
				CODE_SIGN_STYLE = Automatic;
				CURRENT_PROJECT_VERSION = 1;
				ENABLE_PREVIEWS = YES;
				GENERATE_INFOPLIST_FILE = YES;
				INFOPLIST_KEY_UIApplicationSceneManifest_Generation = YES;
				INFOPLIST_KEY_UIApplicationSupportsIndirectInputEvents = YES;
				INFOPLIST_KEY_UILaunchScreen_Generation = YES;
				INFOPLIST_KEY_UISupportedInterfaceOrientations_iPad = "UIInterfaceOrientationPortrait UIInterfaceOrientationPortraitUpsideDown UIInterfaceOrientationLandscapeLeft UIInterfaceOrientationLandscapeRight";
				INFOPLIST_KEY_UISupportedInterfaceOrientations_iPhone = "UIInterfaceOrientationPortrait UIInterfaceOrientationLandscapeLeft UIInterfaceOrientationLandscapeRight";
				LD_RUNPATH_SEARCH_PATHS = (
					"$(inherited)",
					"@executable_path/Frameworks",
				);
				MARKETING_VERSION = 1.0;
				PRODUCT_BUNDLE_IDENTIFIER = com.example.app.LemonRestaurantC2;
				PRODUCT_NAME = "$(TARGET_NAME)";
				SWIFT_EMIT_LOC_STRINGS = YES;
				SWIFT_VERSION = 5.0;
				TARGETED_DEVICE_FAMILY = "1,2";
			};
			name = Debug;
		};
		15121D592E42EB1E00605151 /* Release */ = {
			isa = XCBuildConfiguration;
			buildSettings = {
				ASSETCATALOG_COMPILER_APPICON_NAME = AppIcon;
				ASSETCATALOG_COMPILER_GLOBAL_ACCENT_COLOR_NAME = AccentColor;
				CODE_SIGN_STYLE = Automatic;
				CURRENT_PROJECT_VERSION = 1;
				ENABLE_PREVIEWS = YES;
				GENERATE_INFOPLIST_FILE = YES;
				INFOPLIST_KEY_UIApplicationSceneManifest_Generation = YES;
				INFOPLIST_KEY_UIApplicationSupportsIndirectInputEvents = YES;
				INFOPLIST_KEY_UILaunchScreen_Generation = YES;
				INFOPLIST_KEY_UISupportedInterfaceOrientations_iPad = "UIInterfaceOrientationPortrait UIInterfaceOrientationPortraitUpsideDown UIInterfaceOrientationLandscapeLeft UIInterfaceOrientationLandscapeRight";
				INFOPLIST_KEY_UISupportedInterfaceOrientations_iPhone = "UIInterfaceOrientationPortrait UIInterfaceOrientationLandscapeLeft UIInterfaceOrientationLandscapeRight";
				LD_RUNPATH_SEARCH_PATHS = (
					"$(inherited)",
					"@executable_path/Frameworks",
				);
				MARKETING_VERSION = 1.0;
				PRODUCT_BUNDLE_IDENTIFIER = com.example.app.LemonRestaurantC2;
				PRODUCT_NAME = "$(TARGET_NAME)";
				SWIFT_EMIT_LOC_STRINGS = YES;
				SWIFT_VERSION = 5.0;
				TARGETED_DEVICE_FAMILY = "1,2";
			};
			name = Release;
		};
		15121D5B2E42EB1E00605151 /* Debug */ = {
			isa = XCBuildConfiguration;
			buildSettings = {
				BUNDLE_LOADER = "$(TEST_HOST)";
				CODE_SIGN_STYLE = Automatic;
				CURRENT_PROJECT_VERSION = 1;
				GENERATE_INFOPLIST_FILE = YES;
				IPHONEOS_DEPLOYMENT_TARGET = 18.5;
				MARKETING_VERSION = 1.0;
				PRODUCT_BUNDLE_IDENTIFIER = com.example.app.LemonRestaurantC2Tests;
				PRODUCT_NAME = "$(TARGET_NAME)";
				SWIFT_EMIT_LOC_STRINGS = NO;
				SWIFT_VERSION = 5.0;
				TARGETED_DEVICE_FAMILY = "1,2";
				TEST_HOST = "$(BUILT_PRODUCTS_DIR)/LemonRestaurantC2.app/$(BUNDLE_EXECUTABLE_FOLDER_PATH)/LemonRestaurantC2";
			};
			name = Debug;
		};
		15121D5C2E42EB1E00605151 /* Release */ = {
			isa = XCBuildConfiguration;
			buildSettings = {
				BUNDLE_LOADER = "$(TEST_HOST)";
				CODE_SIGN_STYLE = Automatic;
				CURRENT_PROJECT_VERSION = 1;
				GENERATE_INFOPLIST_FILE = YES;
				IPHONEOS_DEPLOYMENT_TARGET = 18.5;
				MARKETING_VERSION = 1.0;
				PRODUCT_BUNDLE_IDENTIFIER = com.example.app.LemonRestaurantC2Tests;
				PRODUCT_NAME = "$(TARGET_NAME)";
				SWIFT_EMIT_LOC_STRINGS = NO;
				SWIFT_VERSION = 5.0;
				TARGETED_DEVICE_FAMILY = "1,2";
				TEST_HOST = "$(BUILT_PRODUCTS_DIR)/LemonRestaurantC2.app/$(BUNDLE_EXECUTABLE_FOLDER_PATH)/LemonRestaurantC2";
			};
			name = Release;
		};
		15121D5E2E42EB1E00605151 /* Debug */ = {
			isa = XCBuildConfiguration;
			buildSettings = {
				CODE_SIGN_STYLE = Automatic;
				CURRENT_PROJECT_VERSION = 1;
				GENERATE_INFOPLIST_FILE = YES;
				MARKETING_VERSION = 1.0;
				PRODUCT_BUNDLE_IDENTIFIER = com.example.app.LemonRestaurantC2UITests;
				PRODUCT_NAME = "$(TARGET_NAME)";
				SWIFT_EMIT_LOC_STRINGS = NO;
				SWIFT_VERSION = 5.0;
				TARGETED_DEVICE_FAMILY = "1,2";
				TEST_TARGET_NAME = LemonRestaurantC2;
			};
			name = Debug;
		};
		15121D5F2E42EB1E00605151 /* Release */ = {
			isa = XCBuildConfiguration;
			buildSettings = {
				CODE_SIGN_STYLE = Automatic;
				CURRENT_PROJECT_VERSION = 1;
				GENERATE_INFOPLIST_FILE = YES;
				MARKETING_VERSION = 1.0;
				PRODUCT_BUNDLE_IDENTIFIER = com.example.app.LemonRestaurantC2UITests;
				PRODUCT_NAME = "$(TARGET_NAME)";
				SWIFT_EMIT_LOC_STRINGS = NO;
				SWIFT_VERSION = 5.0;
				TARGETED_DEVICE_FAMILY = "1,2";
				TEST_TARGET_NAME = LemonRestaurantC2;
			};
			name = Release;
		};
/* End XCBuildConfiguration section */

/* Begin XCConfigurationList section */
		15121D312E42EB1C00605151 /* Build configuration list for PBXProject "LemonRestaurantC2" */ = {
			isa = XCConfigurationList;
			buildConfigurations = (
				15121D552E42EB1E00605151 /* Debug */,
				15121D562E42EB1E00605151 /* Release */,
			);
			defaultConfigurationIsVisible = 0;
			defaultConfigurationName = Release;
		};
		15121D572E42EB1E00605151 /* Build configuration list for PBXNativeTarget "LemonRestaurantC2" */ = {
			isa = XCConfigurationList;
			buildConfigurations = (
				15121D582E42EB1E00605151 /* Debug */,
				15121D592E42EB1E00605151 /* Release */,
			);
			defaultConfigurationIsVisible = 0;
			defaultConfigurationName = Release;
		};
		15121D5A2E42EB1E00605151 /* Build configuration list for PBXNativeTarget "LemonRestaurantC2Tests" */ = {
			isa = XCConfigurationList;
			buildConfigurations = (
				15121D5B2E42EB1E00605151 /* Debug */,
				15121D5C2E42EB1E00605151 /* Release */,
			);
			defaultConfigurationIsVisible = 0;
			defaultConfigurationName = Release;
		};
		15121D5D2E42EB1E00605151 /* Build configuration list for PBXNativeTarget "LemonRestaurantC2UITests" */ = {
			isa = XCConfigurationList;
			buildConfigurations = (
				15121D5E2E42EB1E00605151 /* Debug */,
				15121D5F2E42EB1E00605151 /* Release */,
			);
			defaultConfigurationIsVisible = 0;
			defaultConfigurationName = Release;
		};
/* End XCConfigurationList section */
	};
	rootObject = 15121D2E2E42EB1C00605151 /* Project object */;
}
